
Microsoft Visual Studio Solution File, Format Version 12.00
# Visual Studio Version 17
VisualStudioVersion = 17.9.34622.214
MinimumVisualStudioVersion = 10.0.40219.1
Project("{FAE04EC0-301F-11D3-BF4B-00C04F79EFBC}") = "FuncPipelineTests", "FuncPipelineTests\FuncPipelineTests.csproj", "{16009168-BDE8-40C3-880B-5C7D45439C46}"
EndProject
Project("{FAE04EC0-301F-11D3-BF4B-00C04F79EFBC}") = "FuncPipeline.Domain", "FuncPipeline.Domain\FuncPipeline.Domain.csproj", "{73634E22-A4D4-4567-A971-15984EAB8887}"
EndProject
Global
	GlobalSection(SolutionConfigurationPlatforms) = preSolution
		Debug|Any CPU = Debug|Any CPU
		Release|Any CPU = Release|Any CPU
	EndGlobalSection
	GlobalSection(ProjectConfigurationPlatforms) = postSolution
		{16009168-BDE8-40C3-880B-5C7D45439C46}.Debug|Any CPU.ActiveCfg = Debug|Any CPU
		{16009168-BDE8-40C3-880B-5C7D45439C46}.Debug|Any CPU.Build.0 = Debug|Any CPU
		{16009168-BDE8-40C3-880B-5C7D45439C46}.Release|Any CPU.ActiveCfg = Release|Any CPU
		{16009168-BDE8-40C3-880B-5C7D45439C46}.Release|Any CPU.Build.0 = Release|Any CPU
		{73634E22-A4D4-4567-A971-15984EAB8887}.Debug|Any CPU.ActiveCfg = Debug|Any CPU
		{73634E22-A4D4-4567-A971-15984EAB8887}.Debug|Any CPU.Build.0 = Debug|Any CPU
		{73634E22-A4D4-4567-A971-15984EAB8887}.Release|Any CPU.ActiveCfg = Release|Any CPU
		{73634E22-A4D4-4567-A971-15984EAB8887}.Release|Any CPU.Build.0 = Release|Any CPU
	EndGlobalSection
	GlobalSection(SolutionProperties) = preSolution
		HideSolutionNode = FALSE
	EndGlobalSection
	GlobalSection(ExtensibilityGlobals) = postSolution
		SolutionGuid = {38C85264-2BE5-41CA-B690-98EC9FFCD2BA}
	EndGlobalSection
EndGlobal
